
Microsoft Visual Studio Solution File, Format Version 12.00
# Visual Studio Version 17
VisualStudioVersion = 17.4.33205.214
MinimumVisualStudioVersion = 10.0.40219.1
Project("{8BC9CEB8-8B4A-11D0-8D11-00A0C91BC942}") = "函数对象（仿函数）", "函数对象\函数对象.vcxproj", "{53B46103-CE53-4769-8490-7978E4830308}"
EndProject
Project("{8BC9CEB8-8B4A-11D0-8D11-00A0C91BC942}") = "常用算法", "常用算法\常用算法.vcxproj", "{967C8290-202F-4AE7-B12C-C20E40443E0D}"
EndProject
Project("{8BC9CEB8-8B4A-11D0-8D11-00A0C91BC942}") = "拷贝替换算法", "拷贝替换算法\拷贝替换算法.vcxproj", "{8C0FA809-290B-433D-ACCC-25C5272F2820}"
EndProject
Project("{8BC9CEB8-8B4A-11D0-8D11-00A0C91BC942}") = "计算生成", "计算生成\计算生成.vcxproj", "{D255974F-AD45-4741-84ED-10F2FADC61EF}"
EndProject
Project("{8BC9CEB8-8B4A-11D0-8D11-00A0C91BC942}") = "集合算法", "集合算法\集合算法.vcxproj", "{3AAAE62F-F45C-46D3-AB49-4E98C3F74B4F}"
EndProject
Global
	GlobalSection(SolutionConfigurationPlatforms) = preSolution
		Debug|x64 = Debug|x64
		Debug|x86 = Debug|x86
		Release|x64 = Release|x64
		Release|x86 = Release|x86
	EndGlobalSection
	GlobalSection(ProjectConfigurationPlatforms) = postSolution
		{53B46103-CE53-4769-8490-7978E4830308}.Debug|x64.ActiveCfg = Debug|x64
		{53B46103-CE53-4769-8490-7978E4830308}.Debug|x64.Build.0 = Debug|x64
		{53B46103-CE53-4769-8490-7978E4830308}.Debug|x86.ActiveCfg = Debug|Win32
		{53B46103-CE53-4769-8490-7978E4830308}.Debug|x86.Build.0 = Debug|Win32
		{53B46103-CE53-4769-8490-7978E4830308}.Release|x64.ActiveCfg = Release|x64
		{53B46103-CE53-4769-8490-7978E4830308}.Release|x64.Build.0 = Release|x64
		{53B46103-CE53-4769-8490-7978E4830308}.Release|x86.ActiveCfg = Release|Win32
		{53B46103-CE53-4769-8490-7978E4830308}.Release|x86.Build.0 = Release|Win32
		{967C8290-202F-4AE7-B12C-C20E40443E0D}.Debug|x64.ActiveCfg = Debug|x64
		{967C8290-202F-4AE7-B12C-C20E40443E0D}.Debug|x64.Build.0 = Debug|x64
		{967C8290-202F-4AE7-B12C-C20E40443E0D}.Debug|x86.ActiveCfg = Debug|Win32
		{967C8290-202F-4AE7-B12C-C20E40443E0D}.Debug|x86.Build.0 = Debug|Win32
		{967C8290-202F-4AE7-B12C-C20E40443E0D}.Release|x64.ActiveCfg = Release|x64
		{967C8290-202F-4AE7-B12C-C20E40443E0D}.Release|x64.Build.0 = Release|x64
		{967C8290-202F-4AE7-B12C-C20E40443E0D}.Release|x86.ActiveCfg = Release|Win32
		{967C8290-202F-4AE7-B12C-C20E40443E0D}.Release|x86.Build.0 = Release|Win32
		{8C0FA809-290B-433D-ACCC-25C5272F2820}.Debug|x64.ActiveCfg = Debug|x64
		{8C0FA809-290B-433D-ACCC-25C5272F2820}.Debug|x64.Build.0 = Debug|x64
		{8C0FA809-290B-433D-ACCC-25C5272F2820}.Debug|x86.ActiveCfg = Debug|Win32
		{8C0FA809-290B-433D-ACCC-25C5272F2820}.Debug|x86.Build.0 = Debug|Win32
		{8C0FA809-290B-433D-ACCC-25C5272F2820}.Release|x64.ActiveCfg = Release|x64
		{8C0FA809-290B-433D-ACCC-25C5272F2820}.Release|x64.Build.0 = Release|x64
		{8C0FA809-290B-433D-ACCC-25C5272F2820}.Release|x86.ActiveCfg = Release|Win32
		{8C0FA809-290B-433D-ACCC-25C5272F2820}.Release|x86.Build.0 = Release|Win32
		{D255974F-AD45-4741-84ED-10F2FADC61EF}.Debug|x64.ActiveCfg = Debug|x64
		{D255974F-AD45-4741-84ED-10F2FADC61EF}.Debug|x64.Build.0 = Debug|x64
		{D255974F-AD45-4741-84ED-10F2FADC61EF}.Debug|x86.ActiveCfg = Debug|Win32
		{D255974F-AD45-4741-84ED-10F2FADC61EF}.Debug|x86.Build.0 = Debug|Win32
		{D255974F-AD45-4741-84ED-10F2FADC61EF}.Release|x64.ActiveCfg = Release|x64
		{D255974F-AD45-4741-84ED-10F2FADC61EF}.Release|x64.Build.0 = Release|x64
		{D255974F-AD45-4741-84ED-10F2FADC61EF}.Release|x86.ActiveCfg = Release|Win32
		{D255974F-AD45-4741-84ED-10F2FADC61EF}.Release|x86.Build.0 = Release|Win32
		{3AAAE62F-F45C-46D3-AB49-4E98C3F74B4F}.Debug|x64.ActiveCfg = Debug|x64
		{3AAAE62F-F45C-46D3-AB49-4E98C3F74B4F}.Debug|x64.Build.0 = Debug|x64
		{3AAAE62F-F45C-46D3-AB49-4E98C3F74B4F}.Debug|x86.ActiveCfg = Debug|Win32
		{3AAAE62F-F45C-46D3-AB49-4E98C3F74B4F}.Debug|x86.Build.0 = Debug|Win32
		{3AAAE62F-F45C-46D3-AB49-4E98C3F74B4F}.Release|x64.ActiveCfg = Release|x64
		{3AAAE62F-F45C-46D3-AB49-4E98C3F74B4F}.Release|x64.Build.0 = Release|x64
		{3AAAE62F-F45C-46D3-AB49-4E98C3F74B4F}.Release|x86.ActiveCfg = Release|Win32
		{3AAAE62F-F45C-46D3-AB49-4E98C3F74B4F}.Release|x86.Build.0 = Release|Win32
	EndGlobalSection
	GlobalSection(SolutionProperties) = preSolution
		HideSolutionNode = FALSE
	EndGlobalSection
	GlobalSection(ExtensibilityGlobals) = postSolution
		SolutionGuid = {2A4D8B31-2A14-41C4-9E02-B71DCD87927E}
	EndGlobalSection
EndGlobal
